PODS:
  - Pulsator (0.2.0)
  - Socket.IO-Client-Swift (8.0.2)
  - Starscream (2.0.0)

DEPENDENCIES:
  - Pulsator
  - Socket.IO-Client-Swift
  - Starscream

SPEC CHECKSUMS:
  Pulsator: 0df1d24c09354555be8f4c386ba7c4df297690eb
  Socket.IO-Client-Swift: 136598e4a81a42b0e6855e7f94a0e5a6efdc5ff8
  Starscream: 947c865596f0d6bb3f0203fee23228ed2d471468

PODFILE CHECKSUM: 64c582bdb516d3da26b2cd7d589aaa0242d8be7c

COCOAPODS: 1.1.1
